// !$*UTF8*$!
{
	archiveVersion = 1;
	classes = {
	};
	objectVersion = 50;
	objects = {

/* Begin PBXBuildFile section */
		732C65F42115971A00810836 /* intervalViewController.swift in Sources */ = {isa = PBXBuildFile; fileRef = 732C65F32115971A00810836 /* intervalViewController.swift */; };
		7379BCC6210EF4DE00EC1E42 /* kintoreMainViewController.swift in Sources */ = {isa = PBXBuildFile; fileRef = 7379BCC5210EF4DE00EC1E42 /* kintoreMainViewController.swift */; };
		7379BCC8210EF50500EC1E42 /* addMenuViewController.swift in Sources */ = {isa = PBXBuildFile; fileRef = 7379BCC7210EF50500EC1E42 /* addMenuViewController.swift */; };
		7379BCCA210EF52D00EC1E42 /* progressMenuViewController.swift in Sources */ = {isa = PBXBuildFile; fileRef = 7379BCC9210EF52D00EC1E42 /* progressMenuViewController.swift */; };
		7379BCCC210EF8B100EC1E42 /* 家の無料アイコン.png in Resources */ = {isa = PBXBuildFile; fileRef = 7379BCCB210EF8B100EC1E42 /* 家の無料アイコン.png */; };
		7379BCCE210EF8D600EC1E42 /* ストップウォッチアイコン.png in Resources */ = {isa = PBXBuildFile; fileRef = 7379BCCD210EF8D600EC1E42 /* ストップウォッチアイコン.png */; };
		738BF66D210DA93D00031F23 /* AppDelegate.swift in Sources */ = {isa = PBXBuildFile; fileRef = 738BF66C210DA93D00031F23 /* AppDelegate.swift */; };
		738BF66F210DA93D00031F23 /* ViewController.swift in Sources */ = {isa = PBXBuildFile; fileRef = 738BF66E210DA93D00031F23 /* ViewController.swift */; };
		738BF672210DA93D00031F23 /* Main.storyboard in Resources */ = {isa = PBXBuildFile; fileRef = 738BF670210DA93D00031F23 /* Main.storyboard */; };
		738BF675210DA93D00031F23 /* kin_meter.xcdatamodeld in Sources */ = {isa = PBXBuildFile; fileRef = 738BF673210DA93D00031F23 /* kin_meter.xcdatamodeld */; };
		738BF677210DA94000031F23 /* Assets.xcassets in Resources */ = {isa = PBXBuildFile; fileRef = 738BF676210DA94000031F23 /* Assets.xcassets */; };
		738BF67A210DA94000031F23 /* LaunchScreen.storyboard in Resources */ = {isa = PBXBuildFile; fileRef = 738BF678210DA94000031F23 /* LaunchScreen.storyboard */; };
/* End PBXBuildFile section */

/* Begin PBXFileReference section */
		732C65F32115971A00810836 /* intervalViewController.swift */ = {isa = PBXFileReference; lastKnownFileType = sourcecode.swift; path = intervalViewController.swift; sourceTree = "<group>"; };
		7379BCC5210EF4DE00EC1E42 /* kintoreMainViewController.swift */ = {isa = PBXFileReference; lastKnownFileType = sourcecode.swift; path = kintoreMainViewController.swift; sourceTree = "<group>"; };
		7379BCC7210EF50500EC1E42 /* addMenuViewController.swift */ = {isa = PBXFileReference; lastKnownFileType = sourcecode.swift; path = addMenuViewController.swift; sourceTree = "<group>"; };
		7379BCC9210EF52D00EC1E42 /* progressMenuViewController.swift */ = {isa = PBXFileReference; lastKnownFileType = sourcecode.swift; path = progressMenuViewController.swift; sourceTree = "<group>"; };
		7379BCCB210EF8B100EC1E42 /* 家の無料アイコン.png */ = {isa = PBXFileReference; lastKnownFileType = image.png; path = "家の無料アイコン.png"; sourceTree = "<group>"; };
		7379BCCD210EF8D600EC1E42 /* ストップウォッチアイコン.png */ = {isa = PBXFileReference; lastKnownFileType = image.png; path = "ストップウォッチアイコン.png"; sourceTree = "<group>"; };
		738BF669210DA93D00031F23 /* kin-meter.app */ = {isa = PBXFileReference; explicitFileType = wrapper.application; includeInIndex = 0; path = "kin-meter.app"; sourceTree = BUILT_PRODUCTS_DIR; };
		738BF66C210DA93D00031F23 /* AppDelegate.swift */ = {isa = PBXFileReference; lastKnownFileType = sourcecode.swift; path = AppDelegate.swift; sourceTree = "<group>"; };
		738BF66E210DA93D00031F23 /* ViewController.swift */ = {isa = PBXFileReference; lastKnownFileType = sourcecode.swift; path = ViewController.swift; sourceTree = "<group>"; };
		738BF671210DA93D00031F23 /* Base */ = {isa = PBXFileReference; lastKnownFileType = file.storyboard; name = Base; path = Base.lproj/Main.storyboard; sourceTree = "<group>"; };
		738BF674210DA93D00031F23 /* kin_meter.xcdatamodel */ = {isa = PBXFileReference; lastKnownFileType = wrapper.xcdatamodel; path = kin_meter.xcdatamodel; sourceTree = "<group>"; };
		738BF676210DA94000031F23 /* Assets.xcassets */ = {isa = PBXFileReference; lastKnownFileType = folder.assetcatalog; path = Assets.xcassets; sourceTree = "<group>"; };
		738BF679210DA94000031F23 /* Base */ = {isa = PBXFileReference; lastKnownFileType = file.storyboard; name = Base; path = Base.lproj/LaunchScreen.storyboard; sourceTree = "<group>"; };
		738BF67B210DA94000031F23 /* Info.plist */ = {isa = PBXFileReference; lastKnownFileType = text.plist.xml; path = Info.plist; sourceTree = "<group>"; };
/* End PBXFileReference section */

/* Begin PBXFrameworksBuildPhase section */
		738BF666210DA93D00031F23 /* Frameworks */ = {
			isa = PBXFrameworksBuildPhase;
			buildActionMask = 2147483647;
			files = (
			);
			runOnlyForDeploymentPostprocessing = 0;
		};
/* End PBXFrameworksBuildPhase section */

/* Begin PBXGroup section */
		7379BCCF210EF8FA00EC1E42 /* images */ = {
			isa = PBXGroup;
			children = (
				7379BCCD210EF8D600EC1E42 /* ストップウォッチアイコン.png */,
				7379BCCB210EF8B100EC1E42 /* 家の無料アイコン.png */,
			);
			path = images;
			sourceTree = "<group>";
		};
		738BF660210DA93C00031F23 = {
			isa = PBXGroup;
			children = (
				738BF66B210DA93D00031F23 /* kin-meter */,
				738BF66A210DA93D00031F23 /* Products */,
			);
			sourceTree = "<group>";
		};
		738BF66A210DA93D00031F23 /* Products */ = {
			isa = PBXGroup;
			children = (
				738BF669210DA93D00031F23 /* kin-meter.app */,
			);
			name = Products;
			sourceTree = "<group>";
		};
		738BF66B210DA93D00031F23 /* kin-meter */ = {
			isa = PBXGroup;
			children = (
				738BF66C210DA93D00031F23 /* AppDelegate.swift */,
				738BF66E210DA93D00031F23 /* ViewController.swift */,
				738BF670210DA93D00031F23 /* Main.storyboard */,
				732C65F32115971A00810836 /* intervalViewController.swift */,
				7379BCC9210EF52D00EC1E42 /* progressMenuViewController.swift */,
				7379BCC7210EF50500EC1E42 /* addMenuViewController.swift */,
				7379BCC5210EF4DE00EC1E42 /* kintoreMainViewController.swift */,
				738BF676210DA94000031F23 /* Assets.xcassets */,
				7379BCCF210EF8FA00EC1E42 /* images */,
				738BF678210DA94000031F23 /* LaunchScreen.storyboard */,
				738BF67B210DA94000031F23 /* Info.plist */,
				738BF673210DA93D00031F23 /* kin_meter.xcdatamodeld */,
			);
			path = "kin-meter";
			sourceTree = "<group>";
		};
/* End PBXGroup section */

/* Begin PBXNativeTarget section */
		738BF668210DA93D00031F23 /* kin-meter */ = {
			isa = PBXNativeTarget;
			buildConfigurationList = 738BF67E210DA94000031F23 /* Build configuration list for PBXNativeTarget "kin-meter" */;
			buildPhases = (
				738BF665210DA93D00031F23 /* Sources */,
				738BF666210DA93D00031F23 /* Frameworks */,
				738BF667210DA93D00031F23 /* Resources */,
			);
			buildRules = (
			);
			dependencies = (
			);
			name = "kin-meter";
			productName = "kin-meter";
			productReference = 738BF669210DA93D00031F23 /* kin-meter.app */;
			productType = "com.apple.product-type.application";
		};
/* End PBXNativeTarget section */

/* Begin PBXProject section */
		738BF661210DA93C00031F23 /* Project object */ = {
			isa = PBXProject;
			attributes = {
				LastSwiftUpdateCheck = 0940;
				LastUpgradeCheck = 0940;
				ORGANIZATIONNAME = "笹倉 一也";
				TargetAttributes = {
					738BF668210DA93D00031F23 = {
						CreatedOnToolsVersion = 9.4.1;
					};
				};
			};
			buildConfigurationList = 738BF664210DA93D00031F23 /* Build configuration list for PBXProject "kin-meter" */;
			compatibilityVersion = "Xcode 9.3";
			developmentRegion = en;
			hasScannedForEncodings = 0;
			knownRegions = (
				en,
				Base,
			);
			mainGroup = 738BF660210DA93C00031F23;
			productRefGroup = 738BF66A210DA93D00031F23 /* Products */;
			projectDirPath = "";
			projectRoot = "";
			targets = (
				738BF668210DA93D00031F23 /* kin-meter */,
			);
		};
/* End PBXProject section */

/* Begin PBXResourcesBuildPhase section */
		738BF667210DA93D00031F23 /* Resources */ = {
			isa = PBXResourcesBuildPhase;
			buildActionMask = 2147483647;
			files = (
				738BF67A210DA94000031F23 /* LaunchScreen.storyboard in Resources */,
				7379BCCE210EF8D600EC1E42 /* ストップウォッチアイコン.png in Resources */,
				7379BCCC210EF8B100EC1E42 /* 家の無料アイコン.png in Resources */,
				738BF677210DA94000031F23 /* Assets.xcassets in Resources */,
				738BF672210DA93D00031F23 /* Main.storyboard in Resources */,
			);
			runOnlyForDeploymentPostprocessing = 0;
		};
/* End PBXResourcesBuildPhase section */

/* Begin PBXSourcesBuildPhase section */
		738BF665210DA93D00031F23 /* Sources */ = {
			isa = PBXSourcesBuildPhase;
			buildActionMask = 2147483647;
			files = (
				7379BCC8210EF50500EC1E42 /* addMenuViewController.swift in Sources */,
				738BF66F210DA93D00031F23 /* ViewController.swift in Sources */,
				732C65F42115971A00810836 /* intervalViewController.swift in Sources */,
				7379BCCA210EF52D00EC1E42 /* progressMenuViewController.swift in Sources */,
				738BF675210DA93D00031F23 /* kin_meter.xcdatamodeld in Sources */,
				7379BCC6210EF4DE00EC1E42 /* kintoreMainViewController.swift in Sources */,
				738BF66D210DA93D00031F23 /* AppDelegate.swift in Sources */,
			);
			runOnlyForDeploymentPostprocessing = 0;
		};
/* End PBXSourcesBuildPhase section */

/* Begin PBXVariantGroup section */
		738BF670210DA93D00031F23 /* Main.storyboard */ = {
			isa = PBXVariantGroup;
			children = (
				738BF671210DA93D00031F23 /* Base */,
			);
			name = Main.storyboard;
			sourceTree = "<group>";
		};
		738BF678210DA94000031F23 /* LaunchScreen.storyboard */ = {
			isa = PBXVariantGroup;
			children = (
				738BF679210DA94000031F23 /* Base */,
			);
			name = LaunchScreen.storyboard;
			sourceTree = "<group>";
		};
/* End PBXVariantGroup section */

/* Begin XCBuildConfiguration section */
		738BF67C210DA94000031F23 /* Debug */ = {
			isa = XCBuildConfiguration;
			buildSettings = {
				ALWAYS_SEARCH_USER_PATHS = NO;
				CLANG_ANALYZER_NONNULL = YES;
				CLANG_ANALYZER_NUMBER_OBJECT_CONVERSION = YES_AGGRESSIVE;
				CLANG_CXX_LANGUAGE_STANDARD = "gnu++14";
				CLANG_CXX_LIBRARY = "libc++";
				CLANG_ENABLE_MODULES = YES;
				CLANG_ENABLE_OBJC_ARC = YES;
				CLANG_ENABLE_OBJC_WEAK = YES;
				CLANG_WARN_BLOCK_CAPTURE_AUTORELEASING = YES;
				CLANG_WARN_BOOL_CONVERSION = YES;
				CLANG_WARN_COMMA = YES;
				CLANG_WARN_CONSTANT_CONVERSION = YES;
				CLANG_WARN_DEPRECATED_OBJC_IMPLEMENTATIONS = YES;
				CLANG_WARN_DIRECT_OBJC_ISA_USAGE = YES_ERROR;
				CLANG_WARN_DOCUMENTATION_COMMENTS = YES;
				CLANG_WARN_EMPTY_BODY = YES;
				CLANG_WARN_ENUM_CONVERSION = YES;
				CLANG_WARN_INFINITE_RECURSION = YES;
				CLANG_WARN_INT_CONVERSION = YES;
				CLANG_WARN_NON_LITERAL_NULL_CONVERSION = YES;
				CLANG_WARN_OBJC_IMPLICIT_RETAIN_SELF = YES;
				CLANG_WARN_OBJC_LITERAL_CONVERSION = YES;
				CLANG_WARN_OBJC_ROOT_CLASS = YES_ERROR;
				CLANG_WARN_RANGE_LOOP_ANALYSIS = YES;
				CLANG_WARN_STRICT_PROTOTYPES = YES;
				CLANG_WARN_SUSPICIOUS_MOVE = YES;
				CLANG_WARN_UNGUARDED_AVAILABILITY = YES_AGGRESSIVE;
				CLANG_WARN_UNREACHABLE_CODE = YES;
				CLANG_WARN__DUPLICATE_METHOD_MATCH = YES;
				CODE_SIGN_IDENTITY = "iPhone Developer";
				COPY_PHASE_STRIP = NO;
				DEBUG_INFORMATION_FORMAT = dwarf;
				ENABLE_STRICT_OBJC_MSGSEND = YES;
				ENABLE_TESTABILITY = YES;
				GCC_C_LANGUAGE_STANDARD = gnu11;
				GCC_DYNAMIC_NO_PIC = NO;
				GCC_NO_COMMON_BLOCKS = YES;
				GCC_OPTIMIZATION_LEVEL = 0;
				GCC_PREPROCESSOR_DEFINITIONS = (
					"DEBUG=1",
					"$(inherited)",
				);
				GCC_WARN_64_TO_32_BIT_CONVERSION = YES;
				GCC_WARN_ABOUT_RETURN_TYPE = YES_ERROR;
				GCC_WARN_UNDECLARED_SELECTOR = YES;
				GCC_WARN_UNINITIALIZED_AUTOS = YES_AGGRESSIVE;
				GCC_WARN_UNUSED_FUNCTION = YES;
				GCC_WARN_UNUSED_VARIABLE = YES;
				IPHONEOS_DEPLOYMENT_TARGET = 11.4;
				MTL_ENABLE_DEBUG_INFO = YES;
				ONLY_ACTIVE_ARCH = YES;
				SDKROOT = iphoneos;
				SWIFT_ACTIVE_COMPILATION_CONDITIONS = DEBUG;
				SWIFT_OPTIMIZATION_LEVEL = "-Onone";
			};
			name = Debug;
		};
		738BF67D210DA94000031F23 /* Release */ = {
			isa = XCBuildConfiguration;
			buildSettings = {
				ALWAYS_SEARCH_USER_PATHS = NO;
				CLANG_ANALYZER_NONNULL = YES;
				CLANG_ANALYZER_NUMBER_OBJECT_CONVERSION = YES_AGGRESSIVE;
				CLANG_CXX_LANGUAGE_STANDARD = "gnu++14";
				CLANG_CXX_LIBRARY = "libc++";
				CLANG_ENABLE_MODULES = YES;
				CLANG_ENABLE_OBJC_ARC = YES;
				CLANG_ENABLE_OBJC_WEAK = YES;
				CLANG_WARN_BLOCK_CAPTURE_AUTORELEASING = YES;
				CLANG_WARN_BOOL_CONVERSION = YES;
				CLANG_WARN_COMMA = YES;
				CLANG_WARN_CONSTANT_CONVERSION = YES;
				CLANG_WARN_DEPRECATED_OBJC_IMPLEMENTATIONS = YES;
				CLANG_WARN_DIRECT_OBJC_ISA_USAGE = YES_ERROR;
				CLANG_WARN_DOCUMENTATION_COMMENTS = YES;
				CLANG_WARN_EMPTY_BODY = YES;
				CLANG_WARN_ENUM_CONVERSION = YES;
				CLANG_WARN_INFINITE_RECURSION = YES;
				CLANG_WARN_INT_CONVERSION = YES;
				CLANG_WARN_NON_LITERAL_NULL_CONVERSION = YES;
				CLANG_WARN_OBJC_IMPLICIT_RETAIN_SELF = YES;
				CLANG_WARN_OBJC_LITERAL_CONVERSION = YES;
				CLANG_WARN_OBJC_ROOT_CLASS = YES_ERROR;
				CLANG_WARN_RANGE_LOOP_ANALYSIS = YES;
				CLANG_WARN_STRICT_PROTOTYPES = YES;
				CLANG_WARN_SUSPICIOUS_MOVE = YES;
				CLANG_WARN_UNGUARDED_AVAILABILITY = YES_AGGRESSIVE;
				CLANG_WARN_UNREACHABLE_CODE = YES;
				CLANG_WARN__DUPLICATE_METHOD_MATCH = YES;
				CODE_SIGN_IDENTITY = "iPhone Developer";
				COPY_PHASE_STRIP = NO;
				DEBUG_INFORMATION_FORMAT = "dwarf-with-dsym";
				ENABLE_NS_ASSERTIONS = NO;
				ENABLE_STRICT_OBJC_MSGSEND = YES;
				GCC_C_LANGUAGE_STANDARD = gnu11;
				GCC_NO_COMMON_BLOCKS = YES;
				GCC_WARN_64_TO_32_BIT_CONVERSION = YES;
				GCC_WARN_ABOUT_RETURN_TYPE = YES_ERROR;
				GCC_WARN_UNDECLARED_SELECTOR = YES;
				GCC_WARN_UNINITIALIZED_AUTOS = YES_AGGRESSIVE;
				GCC_WARN_UNUSED_FUNCTION = YES;
				GCC_WARN_UNUSED_VARIABLE = YES;
				IPHONEOS_DEPLOYMENT_TARGET = 11.4;
				MTL_ENABLE_DEBUG_INFO = NO;
				SDKROOT = iphoneos;
				SWIFT_COMPILATION_MODE = wholemodule;
				SWIFT_OPTIMIZATION_LEVEL = "-O";
				VALIDATE_PRODUCT = YES;
			};
			name = Release;
		};
		738BF67F210DA94000031F23 /* Debug */ = {
			isa = XCBuildConfiguration;
			buildSettings = {
				ASSETCATALOG_COMPILER_APPICON_NAME = AppIcon;
				CODE_SIGN_STYLE = Automatic;
				DEVELOPMENT_TEAM = VNAV5S2KU6;
				INFOPLIST_FILE = "kin-meter/Info.plist";
				LD_RUNPATH_SEARCH_PATHS = (
					"$(inherited)",
					"@executable_path/Frameworks",
				);
				PRODUCT_BUNDLE_IDENTIFIER = "jp.88company.kin-meter";
				PRODUCT_NAME = "$(TARGET_NAME)";
				SWIFT_VERSION = 4.0;
				TARGETED_DEVICE_FAMILY = "1,2";
			};
			name = Debug;
		};
		738BF680210DA94000031F23 /* Release */ = {
			isa = XCBuildConfiguration;
			buildSettings = {
				ASSETCATALOG_COMPILER_APPICON_NAME = AppIcon;
				CODE_SIGN_STYLE = Automatic;
				DEVELOPMENT_TEAM = VNAV5S2KU6;
				INFOPLIST_FILE = "kin-meter/Info.plist";
				LD_RUNPATH_SEARCH_PATHS = (
					"$(inherited)",
					"@executable_path/Frameworks",
				);
				PRODUCT_BUNDLE_IDENTIFIER = "jp.88company.kin-meter";
				PRODUCT_NAME = "$(TARGET_NAME)";
				SWIFT_VERSION = 4.0;
				TARGETED_DEVICE_FAMILY = "1,2";
			};
			name = Release;
		};
/* End XCBuildConfiguration section */

/* Begin XCConfigurationList section */
		738BF664210DA93D00031F23 /* Build configuration list for PBXProject "kin-meter" */ = {
			isa = XCConfigurationList;
			buildConfigurations = (
				738BF67C210DA94000031F23 /* Debug */,
				738BF67D210DA94000031F23 /* Release */,
			);
			defaultConfigurationIsVisible = 0;
			defaultConfigurationName = Release;
		};
		738BF67E210DA94000031F23 /* Build configuration list for PBXNativeTarget "kin-meter" */ = {
			isa = XCConfigurationList;
			buildConfigurations = (
				738BF67F210DA94000031F23 /* Debug */,
				738BF680210DA94000031F23 /* Release */,
			);
			defaultConfigurationIsVisible = 0;
			defaultConfigurationName = Release;
		};
/* End XCConfigurationList section */

/* Begin XCVersionGroup section */
		738BF673210DA93D00031F23 /* kin_meter.xcdatamodeld */ = {
			isa = XCVersionGroup;
			children = (
				738BF674210DA93D00031F23 /* kin_meter.xcdatamodel */,
			);
			currentVersion = 738BF674210DA93D00031F23 /* kin_meter.xcdatamodel */;
			path = kin_meter.xcdatamodeld;
			sourceTree = "<group>";
			versionGroupType = wrapper.xcdatamodel;
		};
/* End XCVersionGroup section */
	};
	rootObject = 738BF661210DA93C00031F23 /* Project object */;
}
